
Microsoft Visual Studio Solution File, Format Version 12.00
# Visual Studio 2012
Project("{FAE04EC0-301F-11D3-BF4B-00C04F79EFBC}") = "IR_Web_UI", "final_IR_project\IR_Web_UI.csproj", "{7D970DDF-3D80-4CFE-9982-2EA1C72500C6}"
EndProject
Project("{FAE04EC0-301F-11D3-BF4B-00C04F79EFBC}") = "IR_Indexer", "Indexer\IR_Indexer.csproj", "{66697B9B-52D7-4C1B-B438-4D90ED4AD91E}"
EndProject
Project("{FAE04EC0-301F-11D3-BF4B-00C04F79EFBC}") = "IR_IndexerTests", "IR_IndexerTests\IR_IndexerTests.csproj", "{A334F835-08BE-40A2-BBBC-858A0F251D95}"
EndProject
Global
	GlobalSection(SolutionConfigurationPlatforms) = preSolution
		Debug|Any CPU = Debug|Any CPU
		Release|Any CPU = Release|Any CPU
	EndGlobalSection
	GlobalSection(ProjectConfigurationPlatforms) = postSolution
		{7D970DDF-3D80-4CFE-9982-2EA1C72500C6}.Debug|Any CPU.ActiveCfg = Debug|Any CPU
		{7D970DDF-3D80-4CFE-9982-2EA1C72500C6}.Debug|Any CPU.Build.0 = Debug|Any CPU
		{7D970DDF-3D80-4CFE-9982-2EA1C72500C6}.Release|Any CPU.ActiveCfg = Release|Any CPU
		{7D970DDF-3D80-4CFE-9982-2EA1C72500C6}.Release|Any CPU.Build.0 = Release|Any CPU
		{66697B9B-52D7-4C1B-B438-4D90ED4AD91E}.Debug|Any CPU.ActiveCfg = Debug|Any CPU
		{66697B9B-52D7-4C1B-B438-4D90ED4AD91E}.Debug|Any CPU.Build.0 = Debug|Any CPU
		{66697B9B-52D7-4C1B-B438-4D90ED4AD91E}.Release|Any CPU.ActiveCfg = Release|Any CPU
		{66697B9B-52D7-4C1B-B438-4D90ED4AD91E}.Release|Any CPU.Build.0 = Release|Any CPU
		{A334F835-08BE-40A2-BBBC-858A0F251D95}.Debug|Any CPU.ActiveCfg = Debug|Any CPU
		{A334F835-08BE-40A2-BBBC-858A0F251D95}.Debug|Any CPU.Build.0 = Debug|Any CPU
		{A334F835-08BE-40A2-BBBC-858A0F251D95}.Release|Any CPU.ActiveCfg = Release|Any CPU
		{A334F835-08BE-40A2-BBBC-858A0F251D95}.Release|Any CPU.Build.0 = Release|Any CPU
	EndGlobalSection
	GlobalSection(SolutionProperties) = preSolution
		HideSolutionNode = FALSE
	EndGlobalSection
EndGlobal
